// !$*UTF8*$!
{
	archiveVersion = 1;
	classes = {
	};
	objectVersion = 52;
	objects = {

/* Begin PBXBuildFile section */
		F408E9CB24C9EAC40040CE81 /* GTFSDownloadDelegate.swift in Sources */ = {isa = PBXBuildFile; fileRef = F408E9CA24C9EAC40040CE81 /* GTFSDownloadDelegate.swift */; };
		F44F115724BBB2A0008E85C6 /* GTFSRoute.swift in Sources */ = {isa = PBXBuildFile; fileRef = F44F115624BBB2A0008E85C6 /* GTFSRoute.swift */; };
		F44F115A24BBB6EE008E85C6 /* GTFSManager.swift in Sources */ = {isa = PBXBuildFile; fileRef = F44F115924BBB6EE008E85C6 /* GTFSManager.swift */; };
		F456F6CD24C782D800B2218F /* GTFSReader.swift in Sources */ = {isa = PBXBuildFile; fileRef = F456F6CC24C782D800B2218F /* GTFSReader.swift */; };
		F456F6E324C83ED100B2218F /* bartRoutes.txt in Resources */ = {isa = PBXBuildFile; fileRef = F456F6DD24C83ED100B2218F /* bartRoutes.txt */; };
		F456F6E424C83ED100B2218F /* bartAgency.txt in Resources */ = {isa = PBXBuildFile; fileRef = F456F6DE24C83ED100B2218F /* bartAgency.txt */; };
		F456F6E524C83ED100B2218F /* bartShapes.txt in Resources */ = {isa = PBXBuildFile; fileRef = F456F6DF24C83ED100B2218F /* bartShapes.txt */; };
		F456F6E624C83ED100B2218F /* bartTrips.txt in Resources */ = {isa = PBXBuildFile; fileRef = F456F6E024C83ED100B2218F /* bartTrips.txt */; };
		F456F6E724C83ED100B2218F /* bartStop_times.txt in Resources */ = {isa = PBXBuildFile; fileRef = F456F6E124C83ED100B2218F /* bartStop_times.txt */; };
		F456F6E824C83ED100B2218F /* bartStops.txt in Resources */ = {isa = PBXBuildFile; fileRef = F456F6E224C83ED100B2218F /* bartStops.txt */; };
		F456F6EB24C8487400B2218F /* CSV in Frameworks */ = {isa = PBXBuildFile; productRef = F456F6EA24C8487400B2218F /* CSV */; };
		F456F6ED24C848A500B2218F /* CSVDotSwiftReader.swift in Sources */ = {isa = PBXBuildFile; fileRef = F456F6EC24C848A500B2218F /* CSVDotSwiftReader.swift */; };
		F456F6F024C893D700B2218F /* Zip in Frameworks */ = {isa = PBXBuildFile; productRef = F456F6EF24C893D700B2218F /* Zip */; };
		F45E777424BB2694007A2F2C /* AppDelegate.swift in Sources */ = {isa = PBXBuildFile; fileRef = F45E777324BB2694007A2F2C /* AppDelegate.swift */; };
		F45E777624BB2694007A2F2C /* SceneDelegate.swift in Sources */ = {isa = PBXBuildFile; fileRef = F45E777524BB2694007A2F2C /* SceneDelegate.swift */; };
		F45E777824BB2694007A2F2C /* ContentView.swift in Sources */ = {isa = PBXBuildFile; fileRef = F45E777724BB2694007A2F2C /* ContentView.swift */; };
		F45E777A24BB2696007A2F2C /* Assets.xcassets in Resources */ = {isa = PBXBuildFile; fileRef = F45E777924BB2696007A2F2C /* Assets.xcassets */; };
		F45E777D24BB2696007A2F2C /* Preview Assets.xcassets in Resources */ = {isa = PBXBuildFile; fileRef = F45E777C24BB2696007A2F2C /* Preview Assets.xcassets */; };
		F45E778024BB2696007A2F2C /* LaunchScreen.storyboard in Resources */ = {isa = PBXBuildFile; fileRef = F45E777E24BB2696007A2F2C /* LaunchScreen.storyboard */; };
		F45E778824BB5EE8007A2F2C /* GTFSShapePoint.swift in Sources */ = {isa = PBXBuildFile; fileRef = F45E778724BB5EE8007A2F2C /* GTFSShapePoint.swift */; };
		F45E778A24BB6001007A2F2C /* mbtaShapes.txt in Resources */ = {isa = PBXBuildFile; fileRef = F45E778924BB6001007A2F2C /* mbtaShapes.txt */; };
		F45E778D24BBA8D2007A2F2C /* mbtaRoutes.txt in Resources */ = {isa = PBXBuildFile; fileRef = F45E778B24BBA8D2007A2F2C /* mbtaRoutes.txt */; };
		F45E778E24BBA8D2007A2F2C /* mbtaTrips.txt in Resources */ = {isa = PBXBuildFile; fileRef = F45E778C24BBA8D2007A2F2C /* mbtaTrips.txt */; };
		F45E779024BBA97D007A2F2C /* GTFSTrip.swift in Sources */ = {isa = PBXBuildFile; fileRef = F45E778F24BBA97D007A2F2C /* GTFSTrip.swift */; };
		F47CE91B24CE218B00E9EBBF /* GetFeedsResponse.swift in Sources */ = {isa = PBXBuildFile; fileRef = F47CE91A24CE218B00E9EBBF /* GetFeedsResponse.swift */; };
		F47CE91D24CE21BF00E9EBBF /* GetLocationsResponse.swift in Sources */ = {isa = PBXBuildFile; fileRef = F47CE91C24CE21BF00E9EBBF /* GetLocationsResponse.swift */; };
		F486FDB124C4DEC3004BEB51 /* LoadingOverlay.swift in Sources */ = {isa = PBXBuildFile; fileRef = F486FDB024C4DEC3004BEB51 /* LoadingOverlay.swift */; };
		F486FDB324C4E27C004BEB51 /* UICard.swift in Sources */ = {isa = PBXBuildFile; fileRef = F486FDB224C4E27C004BEB51 /* UICard.swift */; };
		F486FDB524C4E2C3004BEB51 /* GTFSShape.swift in Sources */ = {isa = PBXBuildFile; fileRef = F486FDB424C4E2C3004BEB51 /* GTFSShape.swift */; };
		F48CD12B24D2CECD004DB811 /* SwiftUIGTFSTests.swift in Sources */ = {isa = PBXBuildFile; fileRef = F48CD12A24D2CECD004DB811 /* SwiftUIGTFSTests.swift */; };
		F48CD13324D36349004DB811 /* GTFSProcessor.swift in Sources */ = {isa = PBXBuildFile; fileRef = F48CD13224D36349004DB811 /* GTFSProcessor.swift */; };
		F48CD13524D45400004DB811 /* GTFSProcessorTests.swift in Sources */ = {isa = PBXBuildFile; fileRef = F48CD13424D45400004DB811 /* GTFSProcessorTests.swift */; };
		F49DE60F24BF11210099A46A /* ctaTrips.txt in Resources */ = {isa = PBXBuildFile; fileRef = F49DE60B24BF11210099A46A /* ctaTrips.txt */; };
		F49DE61024BF11210099A46A /* ctaShapes.txt in Resources */ = {isa = PBXBuildFile; fileRef = F49DE60C24BF11210099A46A /* ctaShapes.txt */; };
		F49DE61124BF11210099A46A /* ctaRoutes.txt in Resources */ = {isa = PBXBuildFile; fileRef = F49DE60D24BF11210099A46A /* ctaRoutes.txt */; };
		F49DE61224BF11210099A46A /* ctaStops.txt in Resources */ = {isa = PBXBuildFile; fileRef = F49DE60E24BF11210099A46A /* ctaStops.txt */; };
		F49DE61424C08D940099A46A /* SimpleCSVReader.swift in Sources */ = {isa = PBXBuildFile; fileRef = F49DE61324C08D940099A46A /* SimpleCSVReader.swift */; };
		F4AA904E24D56818006AA78B /* ZIPFoundation in Frameworks */ = {isa = PBXBuildFile; productRef = F4AA904D24D56818006AA78B /* ZIPFoundation */; };
		F4AA905024D5689D006AA78B /* GTFSUnzipper.swift in Sources */ = {isa = PBXBuildFile; fileRef = F4AA904F24D5689D006AA78B /* GTFSUnzipper.swift */; };
		F4AA905224D56B19006AA78B /* MockGTFSUnzipper.swift in Sources */ = {isa = PBXBuildFile; fileRef = F4AA905124D56B19006AA78B /* MockGTFSUnzipper.swift */; };
		F4AA905424D56B34006AA78B /* ZipGTFSUnzipper.swift in Sources */ = {isa = PBXBuildFile; fileRef = F4AA905324D56B34006AA78B /* ZipGTFSUnzipper.swift */; };
		F4AA905624D56B43006AA78B /* ZipFoundationGTFSUnzipper.swift in Sources */ = {isa = PBXBuildFile; fileRef = F4AA905524D56B43006AA78B /* ZipFoundationGTFSUnzipper.swift */; };
		F4BF575924C4F3280070CC88 /* UIColor+Ext.swift in Sources */ = {isa = PBXBuildFile; fileRef = F4BF575824C4F3280070CC88 /* UIColor+Ext.swift */; };
		F4C9931E24CA2D6500766C39 /* Constants.swift in Sources */ = {isa = PBXBuildFile; fileRef = F4C9931D24CA2D6500766C39 /* Constants.swift */; };
		F4C9932024CA3A1A00766C39 /* OpenMobilityAPI.swift in Sources */ = {isa = PBXBuildFile; fileRef = F4C9931F24CA3A1A00766C39 /* OpenMobilityAPI.swift */; };
		F4C9932224CAE66700766C39 /* GTFSError.swift in Sources */ = {isa = PBXBuildFile; fileRef = F4C9932124CAE66700766C39 /* GTFSError.swift */; };
		F4F1DCF024BCF49100BE4D05 /* GTFSStop.swift in Sources */ = {isa = PBXBuildFile; fileRef = F4F1DCEF24BCF49100BE4D05 /* GTFSStop.swift */; };
		F4F1DCF224BCF4B100BE4D05 /* mbtaStops.txt in Resources */ = {isa = PBXBuildFile; fileRef = F4F1DCF124BCF4B100BE4D05 /* mbtaStops.txt */; };
/* End PBXBuildFile section */

/* Begin PBXContainerItemProxy section */
		F48CD12D24D2CECD004DB811 /* PBXContainerItemProxy */ = {
			isa = PBXContainerItemProxy;
			containerPortal = F45E776824BB2694007A2F2C /* Project object */;
			proxyType = 1;
			remoteGlobalIDString = F45E776F24BB2694007A2F2C;
			remoteInfo = SwiftUIGTFS;
		};
/* End PBXContainerItemProxy section */

/* Begin PBXFileReference section */
		F408E9CA24C9EAC40040CE81 /* GTFSDownloadDelegate.swift */ = {isa = PBXFileReference; lastKnownFileType = sourcecode.swift; path = GTFSDownloadDelegate.swift; sourceTree = "<group>"; };
		F44F115624BBB2A0008E85C6 /* GTFSRoute.swift */ = {isa = PBXFileReference; lastKnownFileType = sourcecode.swift; path = GTFSRoute.swift; sourceTree = "<group>"; };
		F44F115924BBB6EE008E85C6 /* GTFSManager.swift */ = {isa = PBXFileReference; lastKnownFileType = sourcecode.swift; path = GTFSManager.swift; sourceTree = "<group>"; };
		F456F6CC24C782D800B2218F /* GTFSReader.swift */ = {isa = PBXFileReference; lastKnownFileType = sourcecode.swift; path = GTFSReader.swift; sourceTree = "<group>"; };
		F456F6DD24C83ED100B2218F /* bartRoutes.txt */ = {isa = PBXFileReference; fileEncoding = 4; lastKnownFileType = text; path = bartRoutes.txt; sourceTree = "<group>"; };
		F456F6DE24C83ED100B2218F /* bartAgency.txt */ = {isa = PBXFileReference; fileEncoding = 4; lastKnownFileType = text; path = bartAgency.txt; sourceTree = "<group>"; };
		F456F6DF24C83ED100B2218F /* bartShapes.txt */ = {isa = PBXFileReference; fileEncoding = 4; lastKnownFileType = text; path = bartShapes.txt; sourceTree = "<group>"; };
		F456F6E024C83ED100B2218F /* bartTrips.txt */ = {isa = PBXFileReference; fileEncoding = 4; lastKnownFileType = text; path = bartTrips.txt; sourceTree = "<group>"; };
		F456F6E124C83ED100B2218F /* bartStop_times.txt */ = {isa = PBXFileReference; fileEncoding = 4; lastKnownFileType = text; path = bartStop_times.txt; sourceTree = "<group>"; };
		F456F6E224C83ED100B2218F /* bartStops.txt */ = {isa = PBXFileReference; fileEncoding = 4; lastKnownFileType = text; path = bartStops.txt; sourceTree = "<group>"; };
		F456F6EC24C848A500B2218F /* CSVDotSwiftReader.swift */ = {isa = PBXFileReference; lastKnownFileType = sourcecode.swift; path = CSVDotSwiftReader.swift; sourceTree = "<group>"; };
		F45E777024BB2694007A2F2C /* SwiftUIGTFS.app */ = {isa = PBXFileReference; explicitFileType = wrapper.application; includeInIndex = 0; path = SwiftUIGTFS.app; sourceTree = BUILT_PRODUCTS_DIR; };
		F45E777324BB2694007A2F2C /* AppDelegate.swift */ = {isa = PBXFileReference; lastKnownFileType = sourcecode.swift; path = AppDelegate.swift; sourceTree = "<group>"; };
		F45E777524BB2694007A2F2C /* SceneDelegate.swift */ = {isa = PBXFileReference; lastKnownFileType = sourcecode.swift; path = SceneDelegate.swift; sourceTree = "<group>"; };
		F45E777724BB2694007A2F2C /* ContentView.swift */ = {isa = PBXFileReference; lastKnownFileType = sourcecode.swift; path = ContentView.swift; sourceTree = "<group>"; };
		F45E777924BB2696007A2F2C /* Assets.xcassets */ = {isa = PBXFileReference; lastKnownFileType = folder.assetcatalog; path = Assets.xcassets; sourceTree = "<group>"; };
		F45E777C24BB2696007A2F2C /* Preview Assets.xcassets */ = {isa = PBXFileReference; lastKnownFileType = folder.assetcatalog; path = "Preview Assets.xcassets"; sourceTree = "<group>"; };
		F45E777F24BB2696007A2F2C /* Base */ = {isa = PBXFileReference; lastKnownFileType = file.storyboard; name = Base; path = Base.lproj/LaunchScreen.storyboard; sourceTree = "<group>"; };
		F45E778124BB2696007A2F2C /* Info.plist */ = {isa = PBXFileReference; lastKnownFileType = text.plist.xml; path = Info.plist; sourceTree = "<group>"; };
		F45E778724BB5EE8007A2F2C /* GTFSShapePoint.swift */ = {isa = PBXFileReference; lastKnownFileType = sourcecode.swift; path = GTFSShapePoint.swift; sourceTree = "<group>"; };
		F45E778924BB6001007A2F2C /* mbtaShapes.txt */ = {isa = PBXFileReference; fileEncoding = 4; lastKnownFileType = text; path = mbtaShapes.txt; sourceTree = "<group>"; };
		F45E778B24BBA8D2007A2F2C /* mbtaRoutes.txt */ = {isa = PBXFileReference; fileEncoding = 4; lastKnownFileType = text; path = mbtaRoutes.txt; sourceTree = "<group>"; };
		F45E778C24BBA8D2007A2F2C /* mbtaTrips.txt */ = {isa = PBXFileReference; fileEncoding = 4; lastKnownFileType = text; path = mbtaTrips.txt; sourceTree = "<group>"; };
		F45E778F24BBA97D007A2F2C /* GTFSTrip.swift */ = {isa = PBXFileReference; lastKnownFileType = sourcecode.swift; path = GTFSTrip.swift; sourceTree = "<group>"; };
		F47CE91A24CE218B00E9EBBF /* GetFeedsResponse.swift */ = {isa = PBXFileReference; lastKnownFileType = sourcecode.swift; path = GetFeedsResponse.swift; sourceTree = "<group>"; };
		F47CE91C24CE21BF00E9EBBF /* GetLocationsResponse.swift */ = {isa = PBXFileReference; lastKnownFileType = sourcecode.swift; path = GetLocationsResponse.swift; sourceTree = "<group>"; };
		F486FDB024C4DEC3004BEB51 /* LoadingOverlay.swift */ = {isa = PBXFileReference; lastKnownFileType = sourcecode.swift; path = LoadingOverlay.swift; sourceTree = "<group>"; };
		F486FDB224C4E27C004BEB51 /* UICard.swift */ = {isa = PBXFileReference; lastKnownFileType = sourcecode.swift; path = UICard.swift; sourceTree = "<group>"; };
		F486FDB424C4E2C3004BEB51 /* GTFSShape.swift */ = {isa = PBXFileReference; lastKnownFileType = sourcecode.swift; path = GTFSShape.swift; sourceTree = "<group>"; };
		F48CD12824D2CECD004DB811 /* SwiftUIGTFSTests.xctest */ = {isa = PBXFileReference; explicitFileType = wrapper.cfbundle; includeInIndex = 0; path = SwiftUIGTFSTests.xctest; sourceTree = BUILT_PRODUCTS_DIR; };
		F48CD12A24D2CECD004DB811 /* SwiftUIGTFSTests.swift */ = {isa = PBXFileReference; lastKnownFileType = sourcecode.swift; path = SwiftUIGTFSTests.swift; sourceTree = "<group>"; };
		F48CD12C24D2CECD004DB811 /* Info.plist */ = {isa = PBXFileReference; lastKnownFileType = text.plist.xml; path = Info.plist; sourceTree = "<group>"; };
		F48CD13224D36349004DB811 /* GTFSProcessor.swift */ = {isa = PBXFileReference; lastKnownFileType = sourcecode.swift; path = GTFSProcessor.swift; sourceTree = "<group>"; };
		F48CD13424D45400004DB811 /* GTFSProcessorTests.swift */ = {isa = PBXFileReference; lastKnownFileType = sourcecode.swift; path = GTFSProcessorTests.swift; sourceTree = "<group>"; };
		F49DE60B24BF11210099A46A /* ctaTrips.txt */ = {isa = PBXFileReference; fileEncoding = 4; lastKnownFileType = text; path = ctaTrips.txt; sourceTree = "<group>"; };
		F49DE60C24BF11210099A46A /* ctaShapes.txt */ = {isa = PBXFileReference; fileEncoding = 4; lastKnownFileType = text; path = ctaShapes.txt; sourceTree = "<group>"; };
		F49DE60D24BF11210099A46A /* ctaRoutes.txt */ = {isa = PBXFileReference; fileEncoding = 4; lastKnownFileType = text; path = ctaRoutes.txt; sourceTree = "<group>"; };
		F49DE60E24BF11210099A46A /* ctaStops.txt */ = {isa = PBXFileReference; fileEncoding = 4; lastKnownFileType = text; path = ctaStops.txt; sourceTree = "<group>"; };
		F49DE61324C08D940099A46A /* SimpleCSVReader.swift */ = {isa = PBXFileReference; lastKnownFileType = sourcecode.swift; path = SimpleCSVReader.swift; sourceTree = "<group>"; };
		F4AA904F24D5689D006AA78B /* GTFSUnzipper.swift */ = {isa = PBXFileReference; lastKnownFileType = sourcecode.swift; path = GTFSUnzipper.swift; sourceTree = "<group>"; };
		F4AA905124D56B19006AA78B /* MockGTFSUnzipper.swift */ = {isa = PBXFileReference; lastKnownFileType = sourcecode.swift; path = MockGTFSUnzipper.swift; sourceTree = "<group>"; };
		F4AA905324D56B34006AA78B /* ZipGTFSUnzipper.swift */ = {isa = PBXFileReference; lastKnownFileType = sourcecode.swift; path = ZipGTFSUnzipper.swift; sourceTree = "<group>"; };
		F4AA905524D56B43006AA78B /* ZipFoundationGTFSUnzipper.swift */ = {isa = PBXFileReference; lastKnownFileType = sourcecode.swift; path = ZipFoundationGTFSUnzipper.swift; sourceTree = "<group>"; };
		F4BF575824C4F3280070CC88 /* UIColor+Ext.swift */ = {isa = PBXFileReference; lastKnownFileType = sourcecode.swift; path = "UIColor+Ext.swift"; sourceTree = "<group>"; };
		F4C9931D24CA2D6500766C39 /* Constants.swift */ = {isa = PBXFileReference; lastKnownFileType = sourcecode.swift; path = Constants.swift; sourceTree = "<group>"; };
		F4C9931F24CA3A1A00766C39 /* OpenMobilityAPI.swift */ = {isa = PBXFileReference; lastKnownFileType = sourcecode.swift; path = OpenMobilityAPI.swift; sourceTree = "<group>"; };
		F4C9932124CAE66700766C39 /* GTFSError.swift */ = {isa = PBXFileReference; lastKnownFileType = sourcecode.swift; path = GTFSError.swift; sourceTree = "<group>"; };
		F4F1DCEF24BCF49100BE4D05 /* GTFSStop.swift */ = {isa = PBXFileReference; lastKnownFileType = sourcecode.swift; path = GTFSStop.swift; sourceTree = "<group>"; };
		F4F1DCF124BCF4B100BE4D05 /* mbtaStops.txt */ = {isa = PBXFileReference; fileEncoding = 4; lastKnownFileType = text; path = mbtaStops.txt; sourceTree = "<group>"; };
/* End PBXFileReference section */

/* Begin PBXFrameworksBuildPhase section */
		F45E776D24BB2694007A2F2C /* Frameworks */ = {
			isa = PBXFrameworksBuildPhase;
			buildActionMask = 2147483647;
			files = (
				F456F6F024C893D700B2218F /* Zip in Frameworks */,
				F456F6EB24C8487400B2218F /* CSV in Frameworks */,
				F4AA904E24D56818006AA78B /* ZIPFoundation in Frameworks */,
			);
			runOnlyForDeploymentPostprocessing = 0;
		};
		F48CD12524D2CECD004DB811 /* Frameworks */ = {
			isa = PBXFrameworksBuildPhase;
			buildActionMask = 2147483647;
			files = (
			);
			runOnlyForDeploymentPostprocessing = 0;
		};
/* End PBXFrameworksBuildPhase section */

/* Begin PBXGroup section */
		F4062FDB24BE0D9B0076C78D /* MBTA */ = {
			isa = PBXGroup;
			children = (
				F45E778924BB6001007A2F2C /* mbtaShapes.txt */,
				F45E778B24BBA8D2007A2F2C /* mbtaRoutes.txt */,
				F4F1DCF124BCF4B100BE4D05 /* mbtaStops.txt */,
				F45E778C24BBA8D2007A2F2C /* mbtaTrips.txt */,
			);
			path = MBTA;
			sourceTree = "<group>";
		};
		F4062FDC24BE0DD20076C78D /* CTA */ = {
			isa = PBXGroup;
			children = (
				F49DE60D24BF11210099A46A /* ctaRoutes.txt */,
				F49DE60C24BF11210099A46A /* ctaShapes.txt */,
				F49DE60E24BF11210099A46A /* ctaStops.txt */,
				F49DE60B24BF11210099A46A /* ctaTrips.txt */,
			);
			path = CTA;
			sourceTree = "<group>";
		};
		F408E9CC24CA286F0040CE81 /* CSVReader */ = {
			isa = PBXGroup;
			children = (
				F49DE61324C08D940099A46A /* SimpleCSVReader.swift */,
				F456F6CC24C782D800B2218F /* GTFSReader.swift */,
				F456F6EC24C848A500B2218F /* CSVDotSwiftReader.swift */,
			);
			path = CSVReader;
			sourceTree = "<group>";
		};
		F44F115B24BBB816008E85C6 /* Model */ = {
			isa = PBXGroup;
			children = (
				F45E778724BB5EE8007A2F2C /* GTFSShapePoint.swift */,
				F45E778F24BBA97D007A2F2C /* GTFSTrip.swift */,
				F44F115624BBB2A0008E85C6 /* GTFSRoute.swift */,
				F4F1DCEF24BCF49100BE4D05 /* GTFSStop.swift */,
			);
			path = Model;
			sourceTree = "<group>";
		};
		F456F6CE24C83E5500B2218F /* BART */ = {
			isa = PBXGroup;
			children = (
				F456F6DE24C83ED100B2218F /* bartAgency.txt */,
				F456F6DD24C83ED100B2218F /* bartRoutes.txt */,
				F456F6DF24C83ED100B2218F /* bartShapes.txt */,
				F456F6E124C83ED100B2218F /* bartStop_times.txt */,
				F456F6E224C83ED100B2218F /* bartStops.txt */,
				F456F6E024C83ED100B2218F /* bartTrips.txt */,
			);
			path = BART;
			sourceTree = "<group>";
		};
		F45E776724BB2694007A2F2C = {
			isa = PBXGroup;
			children = (
				F45E777224BB2694007A2F2C /* SwiftUIGTFS */,
				F48CD12924D2CECD004DB811 /* SwiftUIGTFSTests */,
				F45E777124BB2694007A2F2C /* Products */,
			);
			sourceTree = "<group>";
		};
		F45E777124BB2694007A2F2C /* Products */ = {
			isa = PBXGroup;
			children = (
				F45E777024BB2694007A2F2C /* SwiftUIGTFS.app */,
				F48CD12824D2CECD004DB811 /* SwiftUIGTFSTests.xctest */,
			);
			name = Products;
			sourceTree = "<group>";
		};
		F45E777224BB2694007A2F2C /* SwiftUIGTFS */ = {
			isa = PBXGroup;
			children = (
				F4AA904B24D567DC006AA78B /* Zip */,
				F47CE91924CE216700E9EBBF /* OpenMobilityAPI */,
				F408E9CC24CA286F0040CE81 /* CSVReader */,
				F4BF575724C4F30C0070CC88 /* Utility */,
				F45E779224BBA98B007A2F2C /* Data */,
				F44F115B24BBB816008E85C6 /* Model */,
				F45E779324BBA9A0007A2F2C /* Views */,
				F45E779124BBA987007A2F2C /* Managers */,
				F45E777324BB2694007A2F2C /* AppDelegate.swift */,
				F45E777524BB2694007A2F2C /* SceneDelegate.swift */,
				F45E777924BB2696007A2F2C /* Assets.xcassets */,
				F45E777E24BB2696007A2F2C /* LaunchScreen.storyboard */,
				F45E778124BB2696007A2F2C /* Info.plist */,
				F45E777B24BB2696007A2F2C /* Preview Content */,
			);
			path = SwiftUIGTFS;
			sourceTree = "<group>";
		};
		F45E777B24BB2696007A2F2C /* Preview Content */ = {
			isa = PBXGroup;
			children = (
				F45E777C24BB2696007A2F2C /* Preview Assets.xcassets */,
			);
			path = "Preview Content";
			sourceTree = "<group>";
		};
		F45E779124BBA987007A2F2C /* Managers */ = {
			isa = PBXGroup;
			children = (
				F44F115924BBB6EE008E85C6 /* GTFSManager.swift */,
				F408E9CA24C9EAC40040CE81 /* GTFSDownloadDelegate.swift */,
				F48CD13224D36349004DB811 /* GTFSProcessor.swift */,
			);
			path = Managers;
			sourceTree = "<group>";
		};
		F45E779224BBA98B007A2F2C /* Data */ = {
			isa = PBXGroup;
			children = (
				F456F6CE24C83E5500B2218F /* BART */,
				F4062FDC24BE0DD20076C78D /* CTA */,
				F4062FDB24BE0D9B0076C78D /* MBTA */,
			);
			path = Data;
			sourceTree = "<group>";
		};
		F45E779324BBA9A0007A2F2C /* Views */ = {
			isa = PBXGroup;
			children = (
				F45E777724BB2694007A2F2C /* ContentView.swift */,
				F486FDB224C4E27C004BEB51 /* UICard.swift */,
				F486FDB024C4DEC3004BEB51 /* LoadingOverlay.swift */,
				F486FDB424C4E2C3004BEB51 /* GTFSShape.swift */,
			);
			path = Views;
			sourceTree = "<group>";
		};
		F47CE91924CE216700E9EBBF /* OpenMobilityAPI */ = {
			isa = PBXGroup;
			children = (
				F4C9931F24CA3A1A00766C39 /* OpenMobilityAPI.swift */,
				F47CE91A24CE218B00E9EBBF /* GetFeedsResponse.swift */,
				F47CE91C24CE21BF00E9EBBF /* GetLocationsResponse.swift */,
			);
			path = OpenMobilityAPI;
			sourceTree = "<group>";
		};
		F48CD12924D2CECD004DB811 /* SwiftUIGTFSTests */ = {
			isa = PBXGroup;
			children = (
				F48CD12A24D2CECD004DB811 /* SwiftUIGTFSTests.swift */,
				F48CD12C24D2CECD004DB811 /* Info.plist */,
				F48CD13424D45400004DB811 /* GTFSProcessorTests.swift */,
			);
			path = SwiftUIGTFSTests;
			sourceTree = "<group>";
		};
		F4AA904B24D567DC006AA78B /* Zip */ = {
			isa = PBXGroup;
			children = (
				F4AA904F24D5689D006AA78B /* GTFSUnzipper.swift */,
				F4AA905124D56B19006AA78B /* MockGTFSUnzipper.swift */,
				F4AA905324D56B34006AA78B /* ZipGTFSUnzipper.swift */,
				F4AA905524D56B43006AA78B /* ZipFoundationGTFSUnzipper.swift */,
			);
			path = Zip;
			sourceTree = "<group>";
		};
		F4BF575724C4F30C0070CC88 /* Utility */ = {
			isa = PBXGroup;
			children = (
				F4BF575824C4F3280070CC88 /* UIColor+Ext.swift */,
				F4C9931D24CA2D6500766C39 /* Constants.swift */,
				F4C9932124CAE66700766C39 /* GTFSError.swift */,
			);
			path = Utility;
			sourceTree = "<group>";
		};
/* End PBXGroup section */

/* Begin PBXNativeTarget section */
		F45E776F24BB2694007A2F2C /* SwiftUIGTFS */ = {
			isa = PBXNativeTarget;
			buildConfigurationList = F45E778424BB2696007A2F2C /* Build configuration list for PBXNativeTarget "SwiftUIGTFS" */;
			buildPhases = (
				F45E776C24BB2694007A2F2C /* Sources */,
				F45E776D24BB2694007A2F2C /* Frameworks */,
				F45E776E24BB2694007A2F2C /* Resources */,
			);
			buildRules = (
			);
			dependencies = (
			);
			name = SwiftUIGTFS;
			packageProductDependencies = (
				F456F6EA24C8487400B2218F /* CSV */,
				F456F6EF24C893D700B2218F /* Zip */,
				F4AA904D24D56818006AA78B /* ZIPFoundation */,
			);
			productName = SwiftUIGTFS;
			productReference = F45E777024BB2694007A2F2C /* SwiftUIGTFS.app */;
			productType = "com.apple.product-type.application";
		};
		F48CD12724D2CECD004DB811 /* SwiftUIGTFSTests */ = {
			isa = PBXNativeTarget;
			buildConfigurationList = F48CD13124D2CECD004DB811 /* Build configuration list for PBXNativeTarget "SwiftUIGTFSTests" */;
			buildPhases = (
				F48CD12424D2CECD004DB811 /* Sources */,
				F48CD12524D2CECD004DB811 /* Frameworks */,
				F48CD12624D2CECD004DB811 /* Resources */,
			);
			buildRules = (
			);
			dependencies = (
				F48CD12E24D2CECD004DB811 /* PBXTargetDependency */,
			);
			name = SwiftUIGTFSTests;
			productName = SwiftUIGTFSTests;
			productReference = F48CD12824D2CECD004DB811 /* SwiftUIGTFSTests.xctest */;
			productType = "com.apple.product-type.bundle.unit-test";
		};
/* End PBXNativeTarget section */

/* Begin PBXProject section */
		F45E776824BB2694007A2F2C /* Project object */ = {
			isa = PBXProject;
			attributes = {
				LastSwiftUpdateCheck = 1150;
				LastUpgradeCheck = 1150;
				ORGANIZATIONNAME = "Simon Goldring";
				TargetAttributes = {
					F45E776F24BB2694007A2F2C = {
						CreatedOnToolsVersion = 11.5;
					};
					F48CD12724D2CECD004DB811 = {
						CreatedOnToolsVersion = 11.5;
						TestTargetID = F45E776F24BB2694007A2F2C;
					};
				};
			};
			buildConfigurationList = F45E776B24BB2694007A2F2C /* Build configuration list for PBXProject "SwiftUIGTFS" */;
			compatibilityVersion = "Xcode 9.3";
			developmentRegion = en;
			hasScannedForEncodings = 0;
			knownRegions = (
				en,
				Base,
			);
			mainGroup = F45E776724BB2694007A2F2C;
			packageReferences = (
				F456F6E924C8487400B2218F /* XCRemoteSwiftPackageReference "CSV.swift" */,
				F456F6EE24C893D700B2218F /* XCRemoteSwiftPackageReference "Zip" */,
				F4AA904C24D56818006AA78B /* XCRemoteSwiftPackageReference "ZIPFoundation" */,
			);
			productRefGroup = F45E777124BB2694007A2F2C /* Products */;
			projectDirPath = "";
			projectRoot = "";
			targets = (
				F45E776F24BB2694007A2F2C /* SwiftUIGTFS */,
				F48CD12724D2CECD004DB811 /* SwiftUIGTFSTests */,
			);
		};
/* End PBXProject section */

/* Begin PBXResourcesBuildPhase section */
		F45E776E24BB2694007A2F2C /* Resources */ = {
			isa = PBXResourcesBuildPhase;
			buildActionMask = 2147483647;
			files = (
				F49DE61124BF11210099A46A /* ctaRoutes.txt in Resources */,
				F45E778D24BBA8D2007A2F2C /* mbtaRoutes.txt in Resources */,
				F456F6E324C83ED100B2218F /* bartRoutes.txt in Resources */,
				F456F6E724C83ED100B2218F /* bartStop_times.txt in Resources */,
				F456F6E424C83ED100B2218F /* bartAgency.txt in Resources */,
				F49DE60F24BF11210099A46A /* ctaTrips.txt in Resources */,
				F45E778A24BB6001007A2F2C /* mbtaShapes.txt in Resources */,
				F49DE61224BF11210099A46A /* ctaStops.txt in Resources */,
				F45E778024BB2696007A2F2C /* LaunchScreen.storyboard in Resources */,
				F456F6E824C83ED100B2218F /* bartStops.txt in Resources */,
				F456F6E624C83ED100B2218F /* bartTrips.txt in Resources */,
				F45E777D24BB2696007A2F2C /* Preview Assets.xcassets in Resources */,
				F4F1DCF224BCF4B100BE4D05 /* mbtaStops.txt in Resources */,
				F45E777A24BB2696007A2F2C /* Assets.xcassets in Resources */,
				F49DE61024BF11210099A46A /* ctaShapes.txt in Resources */,
				F456F6E524C83ED100B2218F /* bartShapes.txt in Resources */,
				F45E778E24BBA8D2007A2F2C /* mbtaTrips.txt in Resources */,
			);
			runOnlyForDeploymentPostprocessing = 0;
		};
		F48CD12624D2CECD004DB811 /* Resources */ = {
			isa = PBXResourcesBuildPhase;
			buildActionMask = 2147483647;
			files = (
			);
			runOnlyForDeploymentPostprocessing = 0;
		};
/* End PBXResourcesBuildPhase section */

/* Begin PBXSourcesBuildPhase section */
		F45E776C24BB2694007A2F2C /* Sources */ = {
			isa = PBXSourcesBuildPhase;
			buildActionMask = 2147483647;
			files = (
				F49DE61424C08D940099A46A /* SimpleCSVReader.swift in Sources */,
				F4C9931E24CA2D6500766C39 /* Constants.swift in Sources */,
				F45E777424BB2694007A2F2C /* AppDelegate.swift in Sources */,
				F4C9932224CAE66700766C39 /* GTFSError.swift in Sources */,
				F486FDB324C4E27C004BEB51 /* UICard.swift in Sources */,
				F456F6ED24C848A500B2218F /* CSVDotSwiftReader.swift in Sources */,
				F486FDB524C4E2C3004BEB51 /* GTFSShape.swift in Sources */,
				F44F115A24BBB6EE008E85C6 /* GTFSManager.swift in Sources */,
				F486FDB124C4DEC3004BEB51 /* LoadingOverlay.swift in Sources */,
				F4AA905424D56B34006AA78B /* ZipGTFSUnzipper.swift in Sources */,
				F4BF575924C4F3280070CC88 /* UIColor+Ext.swift in Sources */,
				F45E778824BB5EE8007A2F2C /* GTFSShapePoint.swift in Sources */,
				F4F1DCF024BCF49100BE4D05 /* GTFSStop.swift in Sources */,
				F48CD13324D36349004DB811 /* GTFSProcessor.swift in Sources */,
				F45E777624BB2694007A2F2C /* SceneDelegate.swift in Sources */,
				F4AA905624D56B43006AA78B /* ZipFoundationGTFSUnzipper.swift in Sources */,
				F47CE91D24CE21BF00E9EBBF /* GetLocationsResponse.swift in Sources */,
				F4AA905024D5689D006AA78B /* GTFSUnzipper.swift in Sources */,
				F44F115724BBB2A0008E85C6 /* GTFSRoute.swift in Sources */,
				F4C9932024CA3A1A00766C39 /* OpenMobilityAPI.swift in Sources */,
				F47CE91B24CE218B00E9EBBF /* GetFeedsResponse.swift in Sources */,
				F408E9CB24C9EAC40040CE81 /* GTFSDownloadDelegate.swift in Sources */,
				F4AA905224D56B19006AA78B /* MockGTFSUnzipper.swift in Sources */,
				F45E779024BBA97D007A2F2C /* GTFSTrip.swift in Sources */,
				F456F6CD24C782D800B2218F /* GTFSReader.swift in Sources */,
				F45E777824BB2694007A2F2C /* ContentView.swift in Sources */,
			);
			runOnlyForDeploymentPostprocessing = 0;
		};
		F48CD12424D2CECD004DB811 /* Sources */ = {
			isa = PBXSourcesBuildPhase;
			buildActionMask = 2147483647;
			files = (
				F48CD13524D45400004DB811 /* GTFSProcessorTests.swift in Sources */,
				F48CD12B24D2CECD004DB811 /* SwiftUIGTFSTests.swift in Sources */,
			);
			runOnlyForDeploymentPostprocessing = 0;
		};
/* End PBXSourcesBuildPhase section */

/* Begin PBXTargetDependency section */
		F48CD12E24D2CECD004DB811 /* PBXTargetDependency */ = {
			isa = PBXTargetDependency;
			target = F45E776F24BB2694007A2F2C /* SwiftUIGTFS */;
			targetProxy = F48CD12D24D2CECD004DB811 /* PBXContainerItemProxy */;
		};
/* End PBXTargetDependency section */

/* Begin PBXVariantGroup section */
		F45E777E24BB2696007A2F2C /* LaunchScreen.storyboard */ = {
			isa = PBXVariantGroup;
			children = (
				F45E777F24BB2696007A2F2C /* Base */,
			);
			name = LaunchScreen.storyboard;
			sourceTree = "<group>";
		};
/* End PBXVariantGroup section */

/* Begin XCBuildConfiguration section */
		F45E778224BB2696007A2F2C /* Debug */ = {
			isa = XCBuildConfiguration;
			buildSettings = {
				ALWAYS_SEARCH_USER_PATHS = NO;
				CLANG_ANALYZER_NONNULL = YES;
				CLANG_ANALYZER_NUMBER_OBJECT_CONVERSION = YES_AGGRESSIVE;
				CLANG_CXX_LANGUAGE_STANDARD = "gnu++14";
				CLANG_CXX_LIBRARY = "libc++";
				CLANG_ENABLE_MODULES = YES;
				CLANG_ENABLE_OBJC_ARC = YES;
				CLANG_ENABLE_OBJC_WEAK = YES;
				CLANG_WARN_BLOCK_CAPTURE_AUTORELEASING = YES;
				CLANG_WARN_BOOL_CONVERSION = YES;
				CLANG_WARN_COMMA = YES;
				CLANG_WARN_CONSTANT_CONVERSION = YES;
				CLANG_WARN_DEPRECATED_OBJC_IMPLEMENTATIONS = YES;
				CLANG_WARN_DIRECT_OBJC_ISA_USAGE = YES_ERROR;
				CLANG_WARN_DOCUMENTATION_COMMENTS = YES;
				CLANG_WARN_EMPTY_BODY = YES;
				CLANG_WARN_ENUM_CONVERSION = YES;
				CLANG_WARN_INFINITE_RECURSION = YES;
				CLANG_WARN_INT_CONVERSION = YES;
				CLANG_WARN_NON_LITERAL_NULL_CONVERSION = YES;
				CLANG_WARN_OBJC_IMPLICIT_RETAIN_SELF = YES;
				CLANG_WARN_OBJC_LITERAL_CONVERSION = YES;
				CLANG_WARN_OBJC_ROOT_CLASS = YES_ERROR;
				CLANG_WARN_RANGE_LOOP_ANALYSIS = YES;
				CLANG_WARN_STRICT_PROTOTYPES = YES;
				CLANG_WARN_SUSPICIOUS_MOVE = YES;
				CLANG_WARN_UNGUARDED_AVAILABILITY = YES_AGGRESSIVE;
				CLANG_WARN_UNREACHABLE_CODE = YES;
				CLANG_WARN__DUPLICATE_METHOD_MATCH = YES;
				COPY_PHASE_STRIP = NO;
				DEBUG_INFORMATION_FORMAT = dwarf;
				ENABLE_STRICT_OBJC_MSGSEND = YES;
				ENABLE_TESTABILITY = YES;
				GCC_C_LANGUAGE_STANDARD = gnu11;
				GCC_DYNAMIC_NO_PIC = NO;
				GCC_NO_COMMON_BLOCKS = YES;
				GCC_OPTIMIZATION_LEVEL = 0;
				GCC_PREPROCESSOR_DEFINITIONS = (
					"DEBUG=1",
					"$(inherited)",
				);
				GCC_WARN_64_TO_32_BIT_CONVERSION = YES;
				GCC_WARN_ABOUT_RETURN_TYPE = YES_ERROR;
				GCC_WARN_UNDECLARED_SELECTOR = YES;
				GCC_WARN_UNINITIALIZED_AUTOS = YES_AGGRESSIVE;
				GCC_WARN_UNUSED_FUNCTION = YES;
				GCC_WARN_UNUSED_VARIABLE = YES;
				IPHONEOS_DEPLOYMENT_TARGET = 13.5;
				MTL_ENABLE_DEBUG_INFO = INCLUDE_SOURCE;
				MTL_FAST_MATH = YES;
				ONLY_ACTIVE_ARCH = YES;
				SDKROOT = iphoneos;
				SWIFT_ACTIVE_COMPILATION_CONDITIONS = DEBUG;
				SWIFT_OPTIMIZATION_LEVEL = "-Onone";
			};
			name = Debug;
		};
		F45E778324BB2696007A2F2C /* Release */ = {
			isa = XCBuildConfiguration;
			buildSettings = {
				ALWAYS_SEARCH_USER_PATHS = NO;
				CLANG_ANALYZER_NONNULL = YES;
				CLANG_ANALYZER_NUMBER_OBJECT_CONVERSION = YES_AGGRESSIVE;
				CLANG_CXX_LANGUAGE_STANDARD = "gnu++14";
				CLANG_CXX_LIBRARY = "libc++";
				CLANG_ENABLE_MODULES = YES;
				CLANG_ENABLE_OBJC_ARC = YES;
				CLANG_ENABLE_OBJC_WEAK = YES;
				CLANG_WARN_BLOCK_CAPTURE_AUTORELEASING = YES;
				CLANG_WARN_BOOL_CONVERSION = YES;
				CLANG_WARN_COMMA = YES;
				CLANG_WARN_CONSTANT_CONVERSION = YES;
				CLANG_WARN_DEPRECATED_OBJC_IMPLEMENTATIONS = YES;
				CLANG_WARN_DIRECT_OBJC_ISA_USAGE = YES_ERROR;
				CLANG_WARN_DOCUMENTATION_COMMENTS = YES;
				CLANG_WARN_EMPTY_BODY = YES;
				CLANG_WARN_ENUM_CONVERSION = YES;
				CLANG_WARN_INFINITE_RECURSION = YES;
				CLANG_WARN_INT_CONVERSION = YES;
				CLANG_WARN_NON_LITERAL_NULL_CONVERSION = YES;
				CLANG_WARN_OBJC_IMPLICIT_RETAIN_SELF = YES;
				CLANG_WARN_OBJC_LITERAL_CONVERSION = YES;
				CLANG_WARN_OBJC_ROOT_CLASS = YES_ERROR;
				CLANG_WARN_RANGE_LOOP_ANALYSIS = YES;
				CLANG_WARN_STRICT_PROTOTYPES = YES;
				CLANG_WARN_SUSPICIOUS_MOVE = YES;
				CLANG_WARN_UNGUARDED_AVAILABILITY = YES_AGGRESSIVE;
				CLANG_WARN_UNREACHABLE_CODE = YES;
				CLANG_WARN__DUPLICATE_METHOD_MATCH = YES;
				COPY_PHASE_STRIP = NO;
				DEBUG_INFORMATION_FORMAT = "dwarf-with-dsym";
				ENABLE_NS_ASSERTIONS = NO;
				ENABLE_STRICT_OBJC_MSGSEND = YES;
				GCC_C_LANGUAGE_STANDARD = gnu11;
				GCC_NO_COMMON_BLOCKS = YES;
				GCC_WARN_64_TO_32_BIT_CONVERSION = YES;
				GCC_WARN_ABOUT_RETURN_TYPE = YES_ERROR;
				GCC_WARN_UNDECLARED_SELECTOR = YES;
				GCC_WARN_UNINITIALIZED_AUTOS = YES_AGGRESSIVE;
				GCC_WARN_UNUSED_FUNCTION = YES;
				GCC_WARN_UNUSED_VARIABLE = YES;
				IPHONEOS_DEPLOYMENT_TARGET = 13.5;
				MTL_ENABLE_DEBUG_INFO = NO;
				MTL_FAST_MATH = YES;
				SDKROOT = iphoneos;
				SWIFT_COMPILATION_MODE = wholemodule;
				SWIFT_OPTIMIZATION_LEVEL = "-O";
				VALIDATE_PRODUCT = YES;
			};
			name = Release;
		};
		F45E778524BB2696007A2F2C /* Debug */ = {
			isa = XCBuildConfiguration;
			buildSettings = {
				ASSETCATALOG_COMPILER_APPICON_NAME = AppIcon;
				CODE_SIGN_STYLE = Automatic;
				DEVELOPMENT_ASSET_PATHS = "\"SwiftUIGTFS/Preview Content\"";
				DEVELOPMENT_TEAM = 35M4K734ZJ;
				ENABLE_PREVIEWS = YES;
				INFOPLIST_FILE = SwiftUIGTFS/Info.plist;
				LD_RUNPATH_SEARCH_PATHS = (
					"$(inherited)",
					"@executable_path/Frameworks",
				);
				PRODUCT_BUNDLE_IDENTIFIER = "Simon-Goldring.SwiftUIGTFS";
				PRODUCT_NAME = "$(TARGET_NAME)";
				SWIFT_VERSION = 5.0;
				TARGETED_DEVICE_FAMILY = 2;
			};
			name = Debug;
		};
		F45E778624BB2696007A2F2C /* Release */ = {
			isa = XCBuildConfiguration;
			buildSettings = {
				ASSETCATALOG_COMPILER_APPICON_NAME = AppIcon;
				CODE_SIGN_STYLE = Automatic;
				DEVELOPMENT_ASSET_PATHS = "\"SwiftUIGTFS/Preview Content\"";
				DEVELOPMENT_TEAM = 35M4K734ZJ;
				ENABLE_PREVIEWS = YES;
				INFOPLIST_FILE = SwiftUIGTFS/Info.plist;
				LD_RUNPATH_SEARCH_PATHS = (
					"$(inherited)",
					"@executable_path/Frameworks",
				);
				PRODUCT_BUNDLE_IDENTIFIER = "Simon-Goldring.SwiftUIGTFS";
				PRODUCT_NAME = "$(TARGET_NAME)";
				SWIFT_VERSION = 5.0;
				TARGETED_DEVICE_FAMILY = 2;
			};
			name = Release;
		};
		F48CD12F24D2CECD004DB811 /* Debug */ = {
			isa = XCBuildConfiguration;
			buildSettings = {
				BUNDLE_LOADER = "$(TEST_HOST)";
				CODE_SIGN_STYLE = Automatic;
				DEVELOPMENT_TEAM = 35M4K734ZJ;
				INFOPLIST_FILE = SwiftUIGTFSTests/Info.plist;
				LD_RUNPATH_SEARCH_PATHS = (
					"$(inherited)",
					"@executable_path/Frameworks",
					"@loader_path/Frameworks",
				);
				PRODUCT_BUNDLE_IDENTIFIER = "Simon-Goldring.SwiftUIGTFSTests";
				PRODUCT_NAME = "$(TARGET_NAME)";
				SWIFT_VERSION = 5.0;
				TARGETED_DEVICE_FAMILY = "1,2";
				TEST_HOST = "$(BUILT_PRODUCTS_DIR)/SwiftUIGTFS.app/SwiftUIGTFS";
			};
			name = Debug;
		};
		F48CD13024D2CECD004DB811 /* Release */ = {
			isa = XCBuildConfiguration;
			buildSettings = {
				BUNDLE_LOADER = "$(TEST_HOST)";
				CODE_SIGN_STYLE = Automatic;
				DEVELOPMENT_TEAM = 35M4K734ZJ;
				INFOPLIST_FILE = SwiftUIGTFSTests/Info.plist;
				LD_RUNPATH_SEARCH_PATHS = (
					"$(inherited)",
					"@executable_path/Frameworks",
					"@loader_path/Frameworks",
				);
				PRODUCT_BUNDLE_IDENTIFIER = "Simon-Goldring.SwiftUIGTFSTests";
				PRODUCT_NAME = "$(TARGET_NAME)";
				SWIFT_VERSION = 5.0;
				TARGETED_DEVICE_FAMILY = "1,2";
				TEST_HOST = "$(BUILT_PRODUCTS_DIR)/SwiftUIGTFS.app/SwiftUIGTFS";
			};
			name = Release;
		};
/* End XCBuildConfiguration section */

/* Begin XCConfigurationList section */
		F45E776B24BB2694007A2F2C /* Build configuration list for PBXProject "SwiftUIGTFS" */ = {
			isa = XCConfigurationList;
			buildConfigurations = (
				F45E778224BB2696007A2F2C /* Debug */,
				F45E778324BB2696007A2F2C /* Release */,
			);
			defaultConfigurationIsVisible = 0;
			defaultConfigurationName = Release;
		};
		F45E778424BB2696007A2F2C /* Build configuration list for PBXNativeTarget "SwiftUIGTFS" */ = {
			isa = XCConfigurationList;
			buildConfigurations = (
				F45E778524BB2696007A2F2C /* Debug */,
				F45E778624BB2696007A2F2C /* Release */,
			);
			defaultConfigurationIsVisible = 0;
			defaultConfigurationName = Release;
		};
		F48CD13124D2CECD004DB811 /* Build configuration list for PBXNativeTarget "SwiftUIGTFSTests" */ = {
			isa = XCConfigurationList;
			buildConfigurations = (
				F48CD12F24D2CECD004DB811 /* Debug */,
				F48CD13024D2CECD004DB811 /* Release */,
			);
			defaultConfigurationIsVisible = 0;
			defaultConfigurationName = Release;
		};
/* End XCConfigurationList section */

/* Begin XCRemoteSwiftPackageReference section */
		F456F6E924C8487400B2218F /* XCRemoteSwiftPackageReference "CSV.swift" */ = {
			isa = XCRemoteSwiftPackageReference;
			repositoryURL = "https://github.com/yaslab/CSV.swift.git";
			requirement = {
				kind = upToNextMajorVersion;
				minimumVersion = 2.4.3;
			};
		};
		F456F6EE24C893D700B2218F /* XCRemoteSwiftPackageReference "Zip" */ = {
			isa = XCRemoteSwiftPackageReference;
			repositoryURL = "https://github.com/marmelroy/Zip.git";
			requirement = {
				kind = upToNextMajorVersion;
				minimumVersion = 2.0.0;
			};
		};
		F4AA904C24D56818006AA78B /* XCRemoteSwiftPackageReference "ZIPFoundation" */ = {
			isa = XCRemoteSwiftPackageReference;
			repositoryURL = "https://github.com/weichsel/ZIPFoundation.git";
			requirement = {
				kind = upToNextMajorVersion;
				minimumVersion = 0.9.11;
			};
		};
/* End XCRemoteSwiftPackageReference section */

/* Begin XCSwiftPackageProductDependency section */
		F456F6EA24C8487400B2218F /* CSV */ = {
			isa = XCSwiftPackageProductDependency;
			package = F456F6E924C8487400B2218F /* XCRemoteSwiftPackageReference "CSV.swift" */;
			productName = CSV;
		};
		F456F6EF24C893D700B2218F /* Zip */ = {
			isa = XCSwiftPackageProductDependency;
			package = F456F6EE24C893D700B2218F /* XCRemoteSwiftPackageReference "Zip" */;
			productName = Zip;
		};
		F4AA904D24D56818006AA78B /* ZIPFoundation */ = {
			isa = XCSwiftPackageProductDependency;
			package = F4AA904C24D56818006AA78B /* XCRemoteSwiftPackageReference "ZIPFoundation" */;
			productName = ZIPFoundation;
		};
/* End XCSwiftPackageProductDependency section */
	};
	rootObject = F45E776824BB2694007A2F2C /* Project object */;
}
